
Microsoft Visual Studio Solution File, Format Version 12.00
# Visual Studio Version 17
VisualStudioVersion = 17.9.34714.143
MinimumVisualStudioVersion = 10.0.40219.1
Project("{2150E333-8FDC-42A3-9474-1A3956D46DE8}") = "Services", "Services", "{64EC798B-F8CD-4603-907C-E003ED483F4A}"
EndProject
Project("{2150E333-8FDC-42A3-9474-1A3956D46DE8}") = "Catalog", "Catalog", "{24B9A26C-28C1-40A1-BCD2-B4EA8B26AA56}"
EndProject
Project("{FAE04EC0-301F-11D3-BF4B-00C04F79EFBC}") = "Catalog.Application", "Catalog.Application\Catalog.Application.csproj", "{56A5145F-5F62-49C4-AAA3-60E448596D2C}"
EndProject
Project("{FAE04EC0-301F-11D3-BF4B-00C04F79EFBC}") = "Catalog.Infrastructure", "Catalog.Infrastructure\Catalog.Infrastructure.csproj", "{7F22E32B-42CA-497F-8814-F8FE7F310253}"
EndProject
Project("{FAE04EC0-301F-11D3-BF4B-00C04F79EFBC}") = "Catalog.Core", "Catalog.Core\Catalog.Core.csproj", "{9D9EB7AC-44B2-4E51-97D3-7E29DF4CE697}"
EndProject
Project("{FAE04EC0-301F-11D3-BF4B-00C04F79EFBC}") = "Catalog.API", "Catalog.API\Catalog.API.csproj", "{76AD8A49-3F24-4C8E-9538-36A20B6B3C68}"
EndProject
Global
	GlobalSection(SolutionConfigurationPlatforms) = preSolution
		Debug|Any CPU = Debug|Any CPU
		Release|Any CPU = Release|Any CPU
	EndGlobalSection
	GlobalSection(ProjectConfigurationPlatforms) = postSolution
		{56A5145F-5F62-49C4-AAA3-60E448596D2C}.Debug|Any CPU.ActiveCfg = Debug|Any CPU
		{56A5145F-5F62-49C4-AAA3-60E448596D2C}.Debug|Any CPU.Build.0 = Debug|Any CPU
		{56A5145F-5F62-49C4-AAA3-60E448596D2C}.Release|Any CPU.ActiveCfg = Release|Any CPU
		{56A5145F-5F62-49C4-AAA3-60E448596D2C}.Release|Any CPU.Build.0 = Release|Any CPU
		{7F22E32B-42CA-497F-8814-F8FE7F310253}.Debug|Any CPU.ActiveCfg = Debug|Any CPU
		{7F22E32B-42CA-497F-8814-F8FE7F310253}.Debug|Any CPU.Build.0 = Debug|Any CPU
		{7F22E32B-42CA-497F-8814-F8FE7F310253}.Release|Any CPU.ActiveCfg = Release|Any CPU
		{7F22E32B-42CA-497F-8814-F8FE7F310253}.Release|Any CPU.Build.0 = Release|Any CPU
		{9D9EB7AC-44B2-4E51-97D3-7E29DF4CE697}.Debug|Any CPU.ActiveCfg = Debug|Any CPU
		{9D9EB7AC-44B2-4E51-97D3-7E29DF4CE697}.Debug|Any CPU.Build.0 = Debug|Any CPU
		{9D9EB7AC-44B2-4E51-97D3-7E29DF4CE697}.Release|Any CPU.ActiveCfg = Release|Any CPU
		{9D9EB7AC-44B2-4E51-97D3-7E29DF4CE697}.Release|Any CPU.Build.0 = Release|Any CPU
		{76AD8A49-3F24-4C8E-9538-36A20B6B3C68}.Debug|Any CPU.ActiveCfg = Debug|Any CPU
		{76AD8A49-3F24-4C8E-9538-36A20B6B3C68}.Debug|Any CPU.Build.0 = Debug|Any CPU
		{76AD8A49-3F24-4C8E-9538-36A20B6B3C68}.Release|Any CPU.ActiveCfg = Release|Any CPU
		{76AD8A49-3F24-4C8E-9538-36A20B6B3C68}.Release|Any CPU.Build.0 = Release|Any CPU
	EndGlobalSection
	GlobalSection(SolutionProperties) = preSolution
		HideSolutionNode = FALSE
	EndGlobalSection
	GlobalSection(NestedProjects) = preSolution
		{24B9A26C-28C1-40A1-BCD2-B4EA8B26AA56} = {64EC798B-F8CD-4603-907C-E003ED483F4A}
		{56A5145F-5F62-49C4-AAA3-60E448596D2C} = {24B9A26C-28C1-40A1-BCD2-B4EA8B26AA56}
		{7F22E32B-42CA-497F-8814-F8FE7F310253} = {24B9A26C-28C1-40A1-BCD2-B4EA8B26AA56}
		{9D9EB7AC-44B2-4E51-97D3-7E29DF4CE697} = {24B9A26C-28C1-40A1-BCD2-B4EA8B26AA56}
		{76AD8A49-3F24-4C8E-9538-36A20B6B3C68} = {24B9A26C-28C1-40A1-BCD2-B4EA8B26AA56}
	EndGlobalSection
	GlobalSection(ExtensibilityGlobals) = postSolution
		SolutionGuid = {BCDEC53A-61F7-46C6-9940-18B53A9EC4DE}
	EndGlobalSection
EndGlobal
